
Microsoft Visual Studio Solution File, Format Version 12.00
# Visual Studio Version 16
VisualStudioVersion = 16.0.29926.136
MinimumVisualStudioVersion = 10.0.40219.1
Project("{9A19103F-16F7-4668-BE54-9A1E7A4F7556}") = "NetMap.Web", "NetMap.Web\NetMap.Web.csproj", "{D142BF23-1EA5-4E17-AFE3-A710952CF0CD}"
EndProject
Project("{9A19103F-16F7-4668-BE54-9A1E7A4F7556}") = "NetMap.Data", "NetMap.Data\NetMap.Data.csproj", "{B8714DC3-2772-4A7D-A3DE-C07C61662D25}"
EndProject
Project("{9A19103F-16F7-4668-BE54-9A1E7A4F7556}") = "NetMap.Test", "NetMap.Test\NetMap.Test.csproj", "{5926C6D3-4CD8-4906-9F09-9689A085FE44}"
EndProject
Global
	GlobalSection(SolutionConfigurationPlatforms) = preSolution
		Debug|Any CPU = Debug|Any CPU
		Release|Any CPU = Release|Any CPU
	EndGlobalSection
	GlobalSection(ProjectConfigurationPlatforms) = postSolution
		{D142BF23-1EA5-4E17-AFE3-A710952CF0CD}.Debug|Any CPU.ActiveCfg = Debug|Any CPU
		{D142BF23-1EA5-4E17-AFE3-A710952CF0CD}.Debug|Any CPU.Build.0 = Debug|Any CPU
		{D142BF23-1EA5-4E17-AFE3-A710952CF0CD}.Release|Any CPU.ActiveCfg = Release|Any CPU
		{D142BF23-1EA5-4E17-AFE3-A710952CF0CD}.Release|Any CPU.Build.0 = Release|Any CPU
		{B8714DC3-2772-4A7D-A3DE-C07C61662D25}.Debug|Any CPU.ActiveCfg = Debug|Any CPU
		{B8714DC3-2772-4A7D-A3DE-C07C61662D25}.Debug|Any CPU.Build.0 = Debug|Any CPU
		{B8714DC3-2772-4A7D-A3DE-C07C61662D25}.Release|Any CPU.ActiveCfg = Release|Any CPU
		{B8714DC3-2772-4A7D-A3DE-C07C61662D25}.Release|Any CPU.Build.0 = Release|Any CPU
		{5926C6D3-4CD8-4906-9F09-9689A085FE44}.Debug|Any CPU.ActiveCfg = Debug|Any CPU
		{5926C6D3-4CD8-4906-9F09-9689A085FE44}.Debug|Any CPU.Build.0 = Debug|Any CPU
		{5926C6D3-4CD8-4906-9F09-9689A085FE44}.Release|Any CPU.ActiveCfg = Release|Any CPU
		{5926C6D3-4CD8-4906-9F09-9689A085FE44}.Release|Any CPU.Build.0 = Release|Any CPU
	EndGlobalSection
	GlobalSection(SolutionProperties) = preSolution
		HideSolutionNode = FALSE
	EndGlobalSection
	GlobalSection(ExtensibilityGlobals) = postSolution
		SolutionGuid = {7BF657D6-84C6-46A5-90A7-0851B0FFC176}
	EndGlobalSection
EndGlobal
